
Microsoft Visual Studio Solution File, Format Version 12.00
# Visual Studio Version 16
VisualStudioVersion = 16.0.30717.126
MinimumVisualStudioVersion = 10.0.40219.1
Project("{FAE04EC0-301F-11D3-BF4B-00C04F79EFBC}") = "ReadWriteLockDemo.FileUtilities", "ReadWriteLockDemo.FileUtilities\ReadWriteLockDemo.FileUtilities.csproj", "{C70491F0-0B87-4D51-ABDF-44D326760D53}"
EndProject
Project("{FAE04EC0-301F-11D3-BF4B-00C04F79EFBC}") = "ReadWriteLockDemo.FileUtilitiesTests", "ReadWriteLockDemo.FileUtilitiesTests\ReadWriteLockDemo.FileUtilitiesTests.csproj", "{B358B748-10F5-4F19-956D-FD88CB4E8EC3}"
EndProject
Global
	GlobalSection(SolutionConfigurationPlatforms) = preSolution
		Debug|Any CPU = Debug|Any CPU
		Release|Any CPU = Release|Any CPU
	EndGlobalSection
	GlobalSection(ProjectConfigurationPlatforms) = postSolution
		{C70491F0-0B87-4D51-ABDF-44D326760D53}.Debug|Any CPU.ActiveCfg = Debug|Any CPU
		{C70491F0-0B87-4D51-ABDF-44D326760D53}.Debug|Any CPU.Build.0 = Debug|Any CPU
		{C70491F0-0B87-4D51-ABDF-44D326760D53}.Release|Any CPU.ActiveCfg = Release|Any CPU
		{C70491F0-0B87-4D51-ABDF-44D326760D53}.Release|Any CPU.Build.0 = Release|Any CPU
		{B358B748-10F5-4F19-956D-FD88CB4E8EC3}.Debug|Any CPU.ActiveCfg = Debug|Any CPU
		{B358B748-10F5-4F19-956D-FD88CB4E8EC3}.Debug|Any CPU.Build.0 = Debug|Any CPU
		{B358B748-10F5-4F19-956D-FD88CB4E8EC3}.Release|Any CPU.ActiveCfg = Release|Any CPU
		{B358B748-10F5-4F19-956D-FD88CB4E8EC3}.Release|Any CPU.Build.0 = Release|Any CPU
	EndGlobalSection
	GlobalSection(SolutionProperties) = preSolution
		HideSolutionNode = FALSE
	EndGlobalSection
	GlobalSection(ExtensibilityGlobals) = postSolution
		SolutionGuid = {F5AB6F7B-A665-4E8C-A2E8-BB8D0AEB9496}
	EndGlobalSection
EndGlobal
